
Microsoft Visual Studio Solution File, Format Version 12.00
# Visual Studio Version 16
VisualStudioVersion = 16.0.29306.81
MinimumVisualStudioVersion = 10.0.40219.1
Project("{FAE04EC0-301F-11D3-BF4B-00C04F79EFBC}") = "LeapYear", "LeapYear\LeapYear.csproj", "{B14EAA7A-4D4A-4DEE-A4B8-AB073595C300}"
EndProject
Global
	GlobalSection(SolutionConfigurationPlatforms) = preSolution
		Debug|Any CPU = Debug|Any CPU
		Release|Any CPU = Release|Any CPU
	EndGlobalSection
	GlobalSection(ProjectConfigurationPlatforms) = postSolution
		{B14EAA7A-4D4A-4DEE-A4B8-AB073595C300}.Debug|Any CPU.ActiveCfg = Debug|Any CPU
		{B14EAA7A-4D4A-4DEE-A4B8-AB073595C300}.Debug|Any CPU.Build.0 = Debug|Any CPU
		{B14EAA7A-4D4A-4DEE-A4B8-AB073595C300}.Release|Any CPU.ActiveCfg = Release|Any CPU
		{B14EAA7A-4D4A-4DEE-A4B8-AB073595C300}.Release|Any CPU.Build.0 = Release|Any CPU
	EndGlobalSection
	GlobalSection(SolutionProperties) = preSolution
		HideSolutionNode = FALSE
	EndGlobalSection
	GlobalSection(ExtensibilityGlobals) = postSolution
		SolutionGuid = {8455221E-BE7E-4FAB-B9BA-7012E2C574DE}
	EndGlobalSection
EndGlobal
